
Microsoft Visual Studio Solution File, Format Version 12.00
# Visual Studio 15
VisualStudioVersion = 15.0.28307.102
MinimumVisualStudioVersion = 10.0.40219.1
Project("{9A19103F-16F7-4668-BE54-9A1E7A4F7556}") = "list_rest", "list_rest\list_rest.csproj", "{91F60B13-6EBB-496F-9020-6E18A15CB754}"
EndProject
Global
	GlobalSection(SolutionConfigurationPlatforms) = preSolution
		Debug|Any CPU = Debug|Any CPU
		Release|Any CPU = Release|Any CPU
	EndGlobalSection
	GlobalSection(ProjectConfigurationPlatforms) = postSolution
		{91F60B13-6EBB-496F-9020-6E18A15CB754}.Debug|Any CPU.ActiveCfg = Debug|Any CPU
		{91F60B13-6EBB-496F-9020-6E18A15CB754}.Debug|Any CPU.Build.0 = Debug|Any CPU
		{91F60B13-6EBB-496F-9020-6E18A15CB754}.Release|Any CPU.ActiveCfg = Release|Any CPU
		{91F60B13-6EBB-496F-9020-6E18A15CB754}.Release|Any CPU.Build.0 = Release|Any CPU
	EndGlobalSection
	GlobalSection(SolutionProperties) = preSolution
		HideSolutionNode = FALSE
	EndGlobalSection
	GlobalSection(ExtensibilityGlobals) = postSolution
		SolutionGuid = {F4C1CC90-50F9-4D7C-8594-604561C49CB7}
	EndGlobalSection
EndGlobal
